
Microsoft Visual Studio Solution File, Format Version 12.00
# Visual Studio Version 17
VisualStudioVersion = 17.13.35806.99
MinimumVisualStudioVersion = 10.0.40219.1
Project("{FAE04EC0-301F-11D3-BF4B-00C04F79EFBC}") = "ASPNetCoreWebApi", "ASPNetCoreWebApi\ASPNetCoreWebApi.csproj", "{4149D4B8-1D69-42DE-80D4-15CF645624E2}"
EndProject
Project("{FAE04EC0-301F-11D3-BF4B-00C04F79EFBC}") = "ASPNetCoreWebApi.Domain", "ASPNetCoreWebApi.Domain\ASPNetCoreWebApi.Domain.csproj", "{EDE4CDF5-922C-475B-9A46-898B51C9F362}"
EndProject
Project("{FAE04EC0-301F-11D3-BF4B-00C04F79EFBC}") = "ASPNetCoreWebApi.Repositories", "ASPNetCoreWebApi.Repositories\ASPNetCoreWebApi.Repositories.csproj", "{A69715C4-BB4E-4964-A96C-9B676C8A66BF}"
EndProject
Global
	GlobalSection(SolutionConfigurationPlatforms) = preSolution
		Debug|Any CPU = Debug|Any CPU
		Release|Any CPU = Release|Any CPU
	EndGlobalSection
	GlobalSection(ProjectConfigurationPlatforms) = postSolution
		{4149D4B8-1D69-42DE-80D4-15CF645624E2}.Debug|Any CPU.ActiveCfg = Debug|Any CPU
		{4149D4B8-1D69-42DE-80D4-15CF645624E2}.Debug|Any CPU.Build.0 = Debug|Any CPU
		{4149D4B8-1D69-42DE-80D4-15CF645624E2}.Release|Any CPU.ActiveCfg = Release|Any CPU
		{4149D4B8-1D69-42DE-80D4-15CF645624E2}.Release|Any CPU.Build.0 = Release|Any CPU
		{EDE4CDF5-922C-475B-9A46-898B51C9F362}.Debug|Any CPU.ActiveCfg = Debug|Any CPU
		{EDE4CDF5-922C-475B-9A46-898B51C9F362}.Debug|Any CPU.Build.0 = Debug|Any CPU
		{EDE4CDF5-922C-475B-9A46-898B51C9F362}.Release|Any CPU.ActiveCfg = Release|Any CPU
		{EDE4CDF5-922C-475B-9A46-898B51C9F362}.Release|Any CPU.Build.0 = Release|Any CPU
		{A69715C4-BB4E-4964-A96C-9B676C8A66BF}.Debug|Any CPU.ActiveCfg = Debug|Any CPU
		{A69715C4-BB4E-4964-A96C-9B676C8A66BF}.Debug|Any CPU.Build.0 = Debug|Any CPU
		{A69715C4-BB4E-4964-A96C-9B676C8A66BF}.Release|Any CPU.ActiveCfg = Release|Any CPU
		{A69715C4-BB4E-4964-A96C-9B676C8A66BF}.Release|Any CPU.Build.0 = Release|Any CPU
	EndGlobalSection
	GlobalSection(SolutionProperties) = preSolution
		HideSolutionNode = FALSE
	EndGlobalSection
	GlobalSection(ExtensibilityGlobals) = postSolution
		SolutionGuid = {2219868D-5206-40BA-A2B5-2DEE89DF15F0}
	EndGlobalSection
EndGlobal
